dependencies:
- name: tempo
  repository: https://grafana.github.io/helm-charts
  version: 1.12.0
- name: opentelemetry-operator
  repository: https://open-telemetry.github.io/opentelemetry-helm-charts
  version: 0.73.0
digest: sha256:269c6783144602c9ab548e454a3f6c78f893b6551eae51b4dd100ac8e097ba88
generated: "2024-11-08T14:11:35.136843332+01:00"
