dependencies:
- name: logs
  repository: ""
  version: 1.0.0
- name: traces
  repository: ""
  version: 1.0.0
- name: traces-instr
  repository: ""
  version: 1.0.0
- name: kube-prometheus-stack
  repository: https://prometheus-community.github.io/helm-charts
  version: 65.3.2
- name: prometheus-redis-exporter
  repository: https://prometheus-community.github.io/helm-charts
  version: 6.6.0
digest: sha256:bdda0b7496800ea8364a8d334f4b3da41a8a09b2803c1469e04ae234f0b56f20
generated: "2024-10-23T23:46:14.388064317+02:00"
