dependencies:
- name: logs
  repository: ""
  version: 1.0.0
- name: traces
  repository: ""
  version: 1.0.0
- name: traces-instr
  repository: ""
  version: 1.0.0
- name: kube-prometheus-stack
  repository: https://prometheus-community.github.io/helm-charts
  version: 65.8.1
- name: prometheus-redis-exporter
  repository: https://prometheus-community.github.io/helm-charts
  version: 6.8.0
digest: sha256:c5efc53dfc67868e8a40d19a51cef371de1ccdd6ec466e2206a8e52b5f9b81bf
generated: "2024-11-08T14:09:38.704816009+01:00"
