{
  "name": "Enterprise-RAG",
  "lockfileVersion": 2,
  "requires": true,
  "packages": {
    "": {
      "dependencies": {
        "@playwright/test": "^1.50.1",
        "alphabin-pw": "^1.0.11",
        "playwright": "^1.50.1"
      }
    },
    "node_modules/@playwright/test": {
      "version": "1.50.1",
      "resolved": "https://pixi.intel.com/@playwright/test/-/test-1.50.1.tgz",
      "integrity": "sha512-Jii3aBg+CEDpgnuDxEp/h7BimHcUTDlpEtce89xEumlJ5ef2hqepZ+PWp1DDpYC/VO9fmWVI1IlEaoI5fK9FXQ==",
      "dependencies": {
        "playwright": "1.50.1"
      },
      "bin": {
        "playwright": "cli.js"
      },
      "engines": {
        "node": ">=18"
      }
    },
    "node_modules/alphabin-pw": {
      "version": "1.0.11",
      "resolved": "https://pixi.intel.com/alphabin-pw/-/alphabin-pw-1.0.11.tgz",
      "integrity": "sha512-Yn1odCMfpr1gHOWUl/yrLGxtEoftS1gO0c/lzSIXf0xZtd3snUSWhqtpU8qxdGsjNASviy+XPnNUt+AC1NAAVA=="
    },
    "node_modules/fsevents": {
      "version": "2.3.2",
      "resolved": "https://pixi.intel.com/fsevents/-/fsevents-2.3.2.tgz",
      "integrity": "sha512-xiqMQR4xAeHTuB9uWm+fFRcIOgKBMiOBP+eXiyT7jsgVCq1bkVygt00oASowB7EdtpOHaaPgKt812P9ab+DDKA==",
      "hasInstallScript": true,
      "optional": true,
      "os": [
        "darwin"
      ],
      "engines": {
        "node": "^8.16.0 || ^10.6.0 || >=11.0.0"
      }
    },
    "node_modules/playwright": {
      "version": "1.50.1",
      "resolved": "https://pixi.intel.com/playwright/-/playwright-1.50.1.tgz",
      "integrity": "sha512-G8rwsOQJ63XG6BbKj2w5rHeavFjy5zynBA9zsJMMtBoe/Uf757oG12NXz6e6OirF7RCrTVAKFXbLmn1RbL7Qaw==",
      "dependencies": {
        "playwright-core": "1.50.1"
      },
      "bin": {
        "playwright": "cli.js"
      },
      "engines": {
        "node": ">=18"
      },
      "optionalDependencies": {
        "fsevents": "2.3.2"
      }
    },
    "node_modules/playwright-core": {
      "version": "1.50.1",
      "resolved": "https://pixi.intel.com/playwright-core/-/playwright-core-1.50.1.tgz",
      "integrity": "sha512-ra9fsNWayuYumt+NiM069M6OkcRb1FZSK8bgi66AtpFoWkg2+y0bJSNmkFrWhMbEBbVKC/EruAHH3g0zmtwGmQ==",
      "bin": {
        "playwright-core": "cli.js"
      },
      "engines": {
        "node": ">=18"
      }
    }
  },
  "dependencies": {
    "@playwright/test": {
      "version": "1.50.1",
      "resolved": "https://pixi.intel.com/@playwright/test/-/test-1.50.1.tgz",
      "integrity": "sha512-Jii3aBg+CEDpgnuDxEp/h7BimHcUTDlpEtce89xEumlJ5ef2hqepZ+PWp1DDpYC/VO9fmWVI1IlEaoI5fK9FXQ==",
      "requires": {
        "playwright": "1.50.1"
      }
    },
    "alphabin-pw": {
      "version": "1.0.11",
      "resolved": "https://pixi.intel.com/alphabin-pw/-/alphabin-pw-1.0.11.tgz",
      "integrity": "sha512-Yn1odCMfpr1gHOWUl/yrLGxtEoftS1gO0c/lzSIXf0xZtd3snUSWhqtpU8qxdGsjNASviy+XPnNUt+AC1NAAVA=="
    },
    "fsevents": {
      "version": "2.3.2",
      "resolved": "https://pixi.intel.com/fsevents/-/fsevents-2.3.2.tgz",
      "integrity": "sha512-xiqMQR4xAeHTuB9uWm+fFRcIOgKBMiOBP+eXiyT7jsgVCq1bkVygt00oASowB7EdtpOHaaPgKt812P9ab+DDKA==",
      "optional": true
    },
    "playwright": {
      "version": "1.50.1",
      "resolved": "https://pixi.intel.com/playwright/-/playwright-1.50.1.tgz",
      "integrity": "sha512-G8rwsOQJ63XG6BbKj2w5rHeavFjy5zynBA9zsJMMtBoe/Uf757oG12NXz6e6OirF7RCrTVAKFXbLmn1RbL7Qaw==",
      "requires": {
        "fsevents": "2.3.2",
        "playwright-core": "1.50.1"
      }
    },
    "playwright-core": {
      "version": "1.50.1",
      "resolved": "https://pixi.intel.com/playwright-core/-/playwright-core-1.50.1.tgz",
      "integrity": "sha512-ra9fsNWayuYumt+NiM069M6OkcRb1FZSK8bgi66AtpFoWkg2+y0bJSNmkFrWhMbEBbVKC/EruAHH3g0zmtwGmQ=="
    }
  }
}
