dependencies:
- name: loki
  repository: https://grafana.github.io/helm-charts
  version: 6.22.0
- name: opentelemetry-collector
  repository: https://open-telemetry.github.io/opentelemetry-helm-charts
  version: 0.110.3
digest: sha256:2d1a1dba2b5caa7ce3c7864b0974d9c65304fa86c22ebdc5bc578d94256f6eeb
generated: "2024-12-04T15:57:33.936638764+01:00"
