dependencies:
- name: minio
  repository: https://charts.bitnami.com/bitnami
  version: 14.10.1
- name: redis
  repository: https://charts.bitnami.com/bitnami
  version: 20.6.0
- name: postgresql
  repository: https://charts.bitnami.com/bitnami
  version: 16.3.2
digest: sha256:872a20ab2c7c74c493da2f98563e87edfab7d2d70c83db33f3d4294fe18b3f0d
generated: "2024-12-18T08:35:42.416205342Z"
