dependencies:
- name: minio
  repository: https://charts.bitnami.com/bitnami
  version: 14.10.3
- name: redis
  repository: https://charts.bitnami.com/bitnami
  version: 21.2.1
- name: postgresql
  repository: file://../postgresql
  version: 0.1.0
digest: sha256:c2257c1acd57e86a82762adde160c0d2c47d28a05a81df4db08e42a7f5a981ff
generated: "2025-11-04T04:58:22.212553922-08:00"
