dependencies:
- name: minio
  repository: https://charts.bitnami.com/bitnami
  version: 14.10.3
- name: edp-redis
  repository: file://charts/edp-redis
  version: 1.0.3
- name: postgresql
  repository: file://../postgresql
  version: 0.1.4
digest: sha256:d3b836380ace009b0873f667a448f35dcb1c017025911d80b035ff53a11083da
generated: "2026-02-04T16:30:16.082216501+01:00"
