dependencies:
- name: seaweedfs
  repository: https://seaweedfs.github.io/seaweedfs/helm
  version: 4.0.407
- name: velero
  repository: https://vmware-tanzu.github.io/helm-charts/
  version: 10.0.5
digest: sha256:7b86e2fe5203438fe1cab4c2aa24fc124d11eae43e6736d7bb6daa441322750b
generated: "2026-01-29T10:31:38.908199446+01:00"
