dependencies:
- name: logs
  repository: ""
  version: 1.0.0
- name: traces
  repository: ""
  version: 1.0.0
- name: traces-instr
  repository: ""
  version: 1.0.0
- name: kube-prometheus-stack
  repository: https://prometheus-community.github.io/helm-charts
  version: 77.12.0
- name: prometheus-redis-exporter
  repository: https://prometheus-community.github.io/helm-charts
  version: 6.17.0
digest: sha256:c1878e23b206cded337f3071d290ac4df63ed982760a4568e08ed11040dead0c
generated: "2025-10-02T01:46:21.355603747-07:00"
