dependencies:
- name: logs
  repository: ""
  version: '*'
- name: traces
  repository: ""
  version: '*'
- name: traces-instr
  repository: ""
  version: '*'
- name: kube-prometheus-stack
  repository: https://prometheus-community.github.io/helm-charts
  version: 77.12.0
- name: prometheus-redis-exporter
  repository: https://prometheus-community.github.io/helm-charts
  version: 6.17.0
digest: sha256:72acc4f6c3413c3e2653492a0dc754568fa3009d304ec3e2ab2f3a0c968410c0
generated: "2025-12-05T10:12:38.595685308+01:00"
