dependencies:
- name: keycloakx
  repository: https://codecentric.github.io/helm-charts
  version: 7.1.4
- name: postgresql
  repository: file://../postgresql
  version: 0.1.7
digest: sha256:aae644ba105bd15aa089c8b24a15fe2b969e8e4271078ddcaa52968bd65185d6
generated: "2026-06-11T02:12:30.888870756+02:00"
